# THIS IS AN AUTOGENERATED FILE. DO NOT EDIT THIS FILE DIRECTLY.
# yarn lockfile v1


throttle-debounce@^2.0.1:
  version "2.1.0"
  resolved "https://registry.npm.taobao.org/throttle-debounce/download/throttle-debounce-2.1.0.tgz#257e648f0a56bd9e54fe0f132c4ab8611df4e1d5"
  integrity sha1-JX5kjwpWvZ5U/g8TLEq4YR304dU=

v-viewer@^1.5.1:
  version "1.5.1"
  resolved "https://registry.npm.taobao.org/v-viewer/download/v-viewer-1.5.1.tgz#94804d83814cca566e691339fe1e64793486f200"
  integrity sha1-lIBNg4FMylZuaRM5/h5keTSG8gA=
  dependencies:
    throttle-debounce "^2.0.1"
    viewerjs "^1.5.0"

viewerjs@^1.5.0:
  version "1.5.0"
  resolved "https://registry.npm.taobao.org/viewerjs/download/viewerjs-1.5.0.tgz#debea9492189fa41223cc567de915d79435899d0"
  integrity sha1-3r6pSSGJ+kEiPMVn3pFdeUNYmdA=
